
Microsoft Visual Studio Solution File, Format Version 12.00
# Visual Studio Version 17
VisualStudioVersion = 17.13.35931.197 d17.13
MinimumVisualStudioVersion = 10.0.40219.1
Project("{FAE04EC0-301F-11D3-BF4B-00C04F79EFBC}") = "HashSozlukGUI_Fix", "HashSozlukGUI_Fix.csproj", "{495BADA6-46F6-29B4-63A5-A1A2ED06DDB6}"
EndProject
Global
	GlobalSection(SolutionConfigurationPlatforms) = preSolution
		Debug|Any CPU = Debug|Any CPU
		Release|Any CPU = Release|Any CPU
	EndGlobalSection
	GlobalSection(ProjectConfigurationPlatforms) = postSolution
		{495BADA6-46F6-29B4-63A5-A1A2ED06DDB6}.Debug|Any CPU.ActiveCfg = Debug|Any CPU
		{495BADA6-46F6-29B4-63A5-A1A2ED06DDB6}.Debug|Any CPU.Build.0 = Debug|Any CPU
		{495BADA6-46F6-29B4-63A5-A1A2ED06DDB6}.Release|Any CPU.ActiveCfg = Release|Any CPU
		{495BADA6-46F6-29B4-63A5-A1A2ED06DDB6}.Release|Any CPU.Build.0 = Release|Any CPU
	EndGlobalSection
	GlobalSection(SolutionProperties) = preSolution
		HideSolutionNode = FALSE
	EndGlobalSection
	GlobalSection(ExtensibilityGlobals) = postSolution
		SolutionGuid = {63198F1F-B267-487C-8DD8-9BB54F631836}
	EndGlobalSection
EndGlobal
